// !$*UTF8*$!
{
	archiveVersion = 1;
	classes = {
	};
	objectVersion = 52;
	objects = {

/* Begin PBXBuildFile section */
		B720D0D4267878A900981E71 /* AppDelegate.swift in Sources */ = {isa = PBXBuildFile; fileRef = B720D0D3267878A900981E71 /* AppDelegate.swift */; };
		B720D0D8267878A900981E71 /* ViewController.swift in Sources */ = {isa = PBXBuildFile; fileRef = B720D0D7267878A900981E71 /* ViewController.swift */; };
		B720D0DD267878AB00981E71 /* Assets.xcassets in Resources */ = {isa = PBXBuildFile; fileRef = B720D0DC267878AB00981E71 /* Assets.xcassets */; };
		B720D0E0267878AB00981E71 /* LaunchScreen.storyboard in Resources */ = {isa = PBXBuildFile; fileRef = B720D0DE267878AB00981E71 /* LaunchScreen.storyboard */; };
		B720D0E926787A0600981E71 /* MainTabbarController.swift in Sources */ = {isa = PBXBuildFile; fileRef = B720D0E826787A0600981E71 /* MainTabbarController.swift */; };
		B720D0EB2678810100981E71 /* PodcastSearchController.swift in Sources */ = {isa = PBXBuildFile; fileRef = B720D0EA2678810100981E71 /* PodcastSearchController.swift */; };
		B720D0EE2678819100981E71 /* Podcast.swift in Sources */ = {isa = PBXBuildFile; fileRef = B720D0ED2678819100981E71 /* Podcast.swift */; };
		B720D0F126788F7700981E71 /* APIService.swift in Sources */ = {isa = PBXBuildFile; fileRef = B720D0F026788F7700981E71 /* APIService.swift */; };
		B720D0F32678A18800981E71 /* PodcastResultCell.swift in Sources */ = {isa = PBXBuildFile; fileRef = B720D0F22678A18800981E71 /* PodcastResultCell.swift */; };
		B720D0F62678A99400981E71 /* Kingfisher in Frameworks */ = {isa = PBXBuildFile; productRef = B720D0F52678A99400981E71 /* Kingfisher */; };
		B720D0F8267953FB00981E71 /* PodcastEpisodesController.swift in Sources */ = {isa = PBXBuildFile; fileRef = B720D0F7267953FB00981E71 /* PodcastEpisodesController.swift */; };
		B720D0FB267955B400981E71 /* FeedKit in Frameworks */ = {isa = PBXBuildFile; productRef = B720D0FA267955B400981E71 /* FeedKit */; };
		B720D0FD26795EED00981E71 /* EpisodeCell.swift in Sources */ = {isa = PBXBuildFile; fileRef = B720D0FC26795EED00981E71 /* EpisodeCell.swift */; };
		B720D1002679669900981E71 /* String+.swift in Sources */ = {isa = PBXBuildFile; fileRef = B720D0FF2679669900981E71 /* String+.swift */; };
		B720D10226796B1C00981E71 /* RSSFeed.swift in Sources */ = {isa = PBXBuildFile; fileRef = B720D10126796B1C00981E71 /* RSSFeed.swift */; };
		B720D10426797D2400981E71 /* PlayerDetailsView.swift in Sources */ = {isa = PBXBuildFile; fileRef = B720D10326797D2400981E71 /* PlayerDetailsView.swift */; };
		B720D1062679BC5500981E71 /* CMTime.swift in Sources */ = {isa = PBXBuildFile; fileRef = B720D1052679BC5500981E71 /* CMTime.swift */; };
/* End PBXBuildFile section */

/* Begin PBXFileReference section */
		B720D0D0267878A900981E71 /* PodcastsApp.app */ = {isa = PBXFileReference; explicitFileType = wrapper.application; includeInIndex = 0; path = PodcastsApp.app; sourceTree = BUILT_PRODUCTS_DIR; };
		B720D0D3267878A900981E71 /* AppDelegate.swift */ = {isa = PBXFileReference; lastKnownFileType = sourcecode.swift; path = AppDelegate.swift; sourceTree = "<group>"; };
		B720D0D7267878A900981E71 /* ViewController.swift */ = {isa = PBXFileReference; lastKnownFileType = sourcecode.swift; path = ViewController.swift; sourceTree = "<group>"; };
		B720D0DC267878AB00981E71 /* Assets.xcassets */ = {isa = PBXFileReference; lastKnownFileType = folder.assetcatalog; path = Assets.xcassets; sourceTree = "<group>"; };
		B720D0DF267878AB00981E71 /* Base */ = {isa = PBXFileReference; lastKnownFileType = file.storyboard; name = Base; path = Base.lproj/LaunchScreen.storyboard; sourceTree = "<group>"; };
		B720D0E1267878AB00981E71 /* Info.plist */ = {isa = PBXFileReference; lastKnownFileType = text.plist.xml; path = Info.plist; sourceTree = "<group>"; };
		B720D0E826787A0600981E71 /* MainTabbarController.swift */ = {isa = PBXFileReference; lastKnownFileType = sourcecode.swift; path = MainTabbarController.swift; sourceTree = "<group>"; };
		B720D0EA2678810100981E71 /* PodcastSearchController.swift */ = {isa = PBXFileReference; lastKnownFileType = sourcecode.swift; path = PodcastSearchController.swift; sourceTree = "<group>"; };
		B720D0ED2678819100981E71 /* Podcast.swift */ = {isa = PBXFileReference; lastKnownFileType = sourcecode.swift; path = Podcast.swift; sourceTree = "<group>"; };
		B720D0F026788F7700981E71 /* APIService.swift */ = {isa = PBXFileReference; lastKnownFileType = sourcecode.swift; path = APIService.swift; sourceTree = "<group>"; };
		B720D0F22678A18800981E71 /* PodcastResultCell.swift */ = {isa = PBXFileReference; lastKnownFileType = sourcecode.swift; path = PodcastResultCell.swift; sourceTree = "<group>"; };
		B720D0F7267953FB00981E71 /* PodcastEpisodesController.swift */ = {isa = PBXFileReference; lastKnownFileType = sourcecode.swift; path = PodcastEpisodesController.swift; sourceTree = "<group>"; };
		B720D0FC26795EED00981E71 /* EpisodeCell.swift */ = {isa = PBXFileReference; lastKnownFileType = sourcecode.swift; path = EpisodeCell.swift; sourceTree = "<group>"; };
		B720D0FF2679669900981E71 /* String+.swift */ = {isa = PBXFileReference; lastKnownFileType = sourcecode.swift; path = "String+.swift"; sourceTree = "<group>"; };
		B720D10126796B1C00981E71 /* RSSFeed.swift */ = {isa = PBXFileReference; lastKnownFileType = sourcecode.swift; path = RSSFeed.swift; sourceTree = "<group>"; };
		B720D10326797D2400981E71 /* PlayerDetailsView.swift */ = {isa = PBXFileReference; lastKnownFileType = sourcecode.swift; path = PlayerDetailsView.swift; sourceTree = "<group>"; };
		B720D1052679BC5500981E71 /* CMTime.swift */ = {isa = PBXFileReference; lastKnownFileType = sourcecode.swift; path = CMTime.swift; sourceTree = "<group>"; };
/* End PBXFileReference section */

/* Begin PBXFrameworksBuildPhase section */
		B720D0CD267878A900981E71 /* Frameworks */ = {
			isa = PBXFrameworksBuildPhase;
			buildActionMask = 2147483647;
			files = (
				B720D0F62678A99400981E71 /* Kingfisher in Frameworks */,
				B720D0FB267955B400981E71 /* FeedKit in Frameworks */,
			);
			runOnlyForDeploymentPostprocessing = 0;
		};
/* End PBXFrameworksBuildPhase section */

/* Begin PBXGroup section */
		B720D0C7267878A900981E71 = {
			isa = PBXGroup;
			children = (
				B720D0D2267878A900981E71 /* PodcastsApp */,
				B720D0D1267878A900981E71 /* Products */,
			);
			sourceTree = "<group>";
		};
		B720D0D1267878A900981E71 /* Products */ = {
			isa = PBXGroup;
			children = (
				B720D0D0267878A900981E71 /* PodcastsApp.app */,
			);
			name = Products;
			sourceTree = "<group>";
		};
		B720D0D2267878A900981E71 /* PodcastsApp */ = {
			isa = PBXGroup;
			children = (
				B720D0FE2679668100981E71 /* Extensions */,
				B720D0EF26788F6500981E71 /* API */,
				B720D0EC2678818300981E71 /* Models */,
				B720D0E7267879E500981E71 /* MainTabbar */,
				B720D0D3267878A900981E71 /* AppDelegate.swift */,
				B720D0D7267878A900981E71 /* ViewController.swift */,
				B720D0DC267878AB00981E71 /* Assets.xcassets */,
				B720D0DE267878AB00981E71 /* LaunchScreen.storyboard */,
				B720D0E1267878AB00981E71 /* Info.plist */,
				B720D0EA2678810100981E71 /* PodcastSearchController.swift */,
				B720D0F22678A18800981E71 /* PodcastResultCell.swift */,
				B720D0F7267953FB00981E71 /* PodcastEpisodesController.swift */,
				B720D0FC26795EED00981E71 /* EpisodeCell.swift */,
				B720D10326797D2400981E71 /* PlayerDetailsView.swift */,
			);
			path = PodcastsApp;
			sourceTree = "<group>";
		};
		B720D0E7267879E500981E71 /* MainTabbar */ = {
			isa = PBXGroup;
			children = (
				B720D0E826787A0600981E71 /* MainTabbarController.swift */,
			);
			path = MainTabbar;
			sourceTree = "<group>";
		};
		B720D0EC2678818300981E71 /* Models */ = {
			isa = PBXGroup;
			children = (
				B720D0ED2678819100981E71 /* Podcast.swift */,
			);
			path = Models;
			sourceTree = "<group>";
		};
		B720D0EF26788F6500981E71 /* API */ = {
			isa = PBXGroup;
			children = (
				B720D0F026788F7700981E71 /* APIService.swift */,
			);
			path = API;
			sourceTree = "<group>";
		};
		B720D0FE2679668100981E71 /* Extensions */ = {
			isa = PBXGroup;
			children = (
				B720D0FF2679669900981E71 /* String+.swift */,
				B720D10126796B1C00981E71 /* RSSFeed.swift */,
				B720D1052679BC5500981E71 /* CMTime.swift */,
			);
			path = Extensions;
			sourceTree = "<group>";
		};
/* End PBXGroup section */

/* Begin PBXNativeTarget section */
		B720D0CF267878A900981E71 /* PodcastsApp */ = {
			isa = PBXNativeTarget;
			buildConfigurationList = B720D0E4267878AB00981E71 /* Build configuration list for PBXNativeTarget "PodcastsApp" */;
			buildPhases = (
				B720D0CC267878A900981E71 /* Sources */,
				B720D0CD267878A900981E71 /* Frameworks */,
				B720D0CE267878A900981E71 /* Resources */,
			);
			buildRules = (
			);
			dependencies = (
			);
			name = PodcastsApp;
			packageProductDependencies = (
				B720D0F52678A99400981E71 /* Kingfisher */,
				B720D0FA267955B400981E71 /* FeedKit */,
			);
			productName = PodcastsApp;
			productReference = B720D0D0267878A900981E71 /* PodcastsApp.app */;
			productType = "com.apple.product-type.application";
		};
/* End PBXNativeTarget section */

/* Begin PBXProject section */
		B720D0C8267878A900981E71 /* Project object */ = {
			isa = PBXProject;
			attributes = {
				LastSwiftUpdateCheck = 1250;
				LastUpgradeCheck = 1250;
				TargetAttributes = {
					B720D0CF267878A900981E71 = {
						CreatedOnToolsVersion = 12.5;
					};
				};
			};
			buildConfigurationList = B720D0CB267878A900981E71 /* Build configuration list for PBXProject "PodcastsApp" */;
			compatibilityVersion = "Xcode 9.3";
			developmentRegion = en;
			hasScannedForEncodings = 0;
			knownRegions = (
				en,
				Base,
			);
			mainGroup = B720D0C7267878A900981E71;
			packageReferences = (
				B720D0F42678A99400981E71 /* XCRemoteSwiftPackageReference "Kingfisher" */,
				B720D0F9267955B400981E71 /* XCRemoteSwiftPackageReference "FeedKit" */,
			);
			productRefGroup = B720D0D1267878A900981E71 /* Products */;
			projectDirPath = "";
			projectRoot = "";
			targets = (
				B720D0CF267878A900981E71 /* PodcastsApp */,
			);
		};
/* End PBXProject section */

/* Begin PBXResourcesBuildPhase section */
		B720D0CE267878A900981E71 /* Resources */ = {
			isa = PBXResourcesBuildPhase;
			buildActionMask = 2147483647;
			files = (
				B720D0E0267878AB00981E71 /* LaunchScreen.storyboard in Resources */,
				B720D0DD267878AB00981E71 /* Assets.xcassets in Resources */,
			);
			runOnlyForDeploymentPostprocessing = 0;
		};
/* End PBXResourcesBuildPhase section */

/* Begin PBXSourcesBuildPhase section */
		B720D0CC267878A900981E71 /* Sources */ = {
			isa = PBXSourcesBuildPhase;
			buildActionMask = 2147483647;
			files = (
				B720D10426797D2400981E71 /* PlayerDetailsView.swift in Sources */,
				B720D0F8267953FB00981E71 /* PodcastEpisodesController.swift in Sources */,
				B720D0F32678A18800981E71 /* PodcastResultCell.swift in Sources */,
				B720D10226796B1C00981E71 /* RSSFeed.swift in Sources */,
				B720D1002679669900981E71 /* String+.swift in Sources */,
				B720D0EB2678810100981E71 /* PodcastSearchController.swift in Sources */,
				B720D1062679BC5500981E71 /* CMTime.swift in Sources */,
				B720D0D8267878A900981E71 /* ViewController.swift in Sources */,
				B720D0D4267878A900981E71 /* AppDelegate.swift in Sources */,
				B720D0E926787A0600981E71 /* MainTabbarController.swift in Sources */,
				B720D0F126788F7700981E71 /* APIService.swift in Sources */,
				B720D0EE2678819100981E71 /* Podcast.swift in Sources */,
				B720D0FD26795EED00981E71 /* EpisodeCell.swift in Sources */,
			);
			runOnlyForDeploymentPostprocessing = 0;
		};
/* End PBXSourcesBuildPhase section */

/* Begin PBXVariantGroup section */
		B720D0DE267878AB00981E71 /* LaunchScreen.storyboard */ = {
			isa = PBXVariantGroup;
			children = (
				B720D0DF267878AB00981E71 /* Base */,
			);
			name = LaunchScreen.storyboard;
			sourceTree = "<group>";
		};
/* End PBXVariantGroup section */

/* Begin XCBuildConfiguration section */
		B720D0E2267878AB00981E71 /* Debug */ = {
			isa = XCBuildConfiguration;
			buildSettings = {
				ALWAYS_SEARCH_USER_PATHS = NO;
				CLANG_ANALYZER_NONNULL = YES;
				CLANG_ANALYZER_NUMBER_OBJECT_CONVERSION = YES_AGGRESSIVE;
				CLANG_CXX_LANGUAGE_STANDARD = "gnu++14";
				CLANG_CXX_LIBRARY = "libc++";
				CLANG_ENABLE_MODULES = YES;
				CLANG_ENABLE_OBJC_ARC = YES;
				CLANG_ENABLE_OBJC_WEAK = YES;
				CLANG_WARN_BLOCK_CAPTURE_AUTORELEASING = YES;
				CLANG_WARN_BOOL_CONVERSION = YES;
				CLANG_WARN_COMMA = YES;
				CLANG_WARN_CONSTANT_CONVERSION = YES;
				CLANG_WARN_DEPRECATED_OBJC_IMPLEMENTATIONS = YES;
				CLANG_WARN_DIRECT_OBJC_ISA_USAGE = YES_ERROR;
				CLANG_WARN_DOCUMENTATION_COMMENTS = YES;
				CLANG_WARN_EMPTY_BODY = YES;
				CLANG_WARN_ENUM_CONVERSION = YES;
				CLANG_WARN_INFINITE_RECURSION = YES;
				CLANG_WARN_INT_CONVERSION = YES;
				CLANG_WARN_NON_LITERAL_NULL_CONVERSION = YES;
				CLANG_WARN_OBJC_IMPLICIT_RETAIN_SELF = YES;
				CLANG_WARN_OBJC_LITERAL_CONVERSION = YES;
				CLANG_WARN_OBJC_ROOT_CLASS = YES_ERROR;
				CLANG_WARN_QUOTED_INCLUDE_IN_FRAMEWORK_HEADER = YES;
				CLANG_WARN_RANGE_LOOP_ANALYSIS = YES;
				CLANG_WARN_STRICT_PROTOTYPES = YES;
				CLANG_WARN_SUSPICIOUS_MOVE = YES;
				CLANG_WARN_UNGUARDED_AVAILABILITY = YES_AGGRESSIVE;
				CLANG_WARN_UNREACHABLE_CODE = YES;
				CLANG_WARN__DUPLICATE_METHOD_MATCH = YES;
				COPY_PHASE_STRIP = NO;
				DEBUG_INFORMATION_FORMAT = dwarf;
				ENABLE_STRICT_OBJC_MSGSEND = YES;
				ENABLE_TESTABILITY = YES;
				GCC_C_LANGUAGE_STANDARD = gnu11;
				GCC_DYNAMIC_NO_PIC = NO;
				GCC_NO_COMMON_BLOCKS = YES;
				GCC_OPTIMIZATION_LEVEL = 0;
				GCC_PREPROCESSOR_DEFINITIONS = (
					"DEBUG=1",
					"$(inherited)",
				);
				GCC_WARN_64_TO_32_BIT_CONVERSION = YES;
				GCC_WARN_ABOUT_RETURN_TYPE = YES_ERROR;
				GCC_WARN_UNDECLARED_SELECTOR = YES;
				GCC_WARN_UNINITIALIZED_AUTOS = YES_AGGRESSIVE;
				GCC_WARN_UNUSED_FUNCTION = YES;
				GCC_WARN_UNUSED_VARIABLE = YES;
				IPHONEOS_DEPLOYMENT_TARGET = 14.5;
				MTL_ENABLE_DEBUG_INFO = INCLUDE_SOURCE;
				MTL_FAST_MATH = YES;
				ONLY_ACTIVE_ARCH = YES;
				SDKROOT = iphoneos;
				SWIFT_ACTIVE_COMPILATION_CONDITIONS = DEBUG;
				SWIFT_OPTIMIZATION_LEVEL = "-Onone";
			};
			name = Debug;
		};
		B720D0E3267878AB00981E71 /* Release */ = {
			isa = XCBuildConfiguration;
			buildSettings = {
				ALWAYS_SEARCH_USER_PATHS = NO;
				CLANG_ANALYZER_NONNULL = YES;
				CLANG_ANALYZER_NUMBER_OBJECT_CONVERSION = YES_AGGRESSIVE;
				CLANG_CXX_LANGUAGE_STANDARD = "gnu++14";
				CLANG_CXX_LIBRARY = "libc++";
				CLANG_ENABLE_MODULES = YES;
				CLANG_ENABLE_OBJC_ARC = YES;
				CLANG_ENABLE_OBJC_WEAK = YES;
				CLANG_WARN_BLOCK_CAPTURE_AUTORELEASING = YES;
				CLANG_WARN_BOOL_CONVERSION = YES;
				CLANG_WARN_COMMA = YES;
				CLANG_WARN_CONSTANT_CONVERSION = YES;
				CLANG_WARN_DEPRECATED_OBJC_IMPLEMENTATIONS = YES;
				CLANG_WARN_DIRECT_OBJC_ISA_USAGE = YES_ERROR;
				CLANG_WARN_DOCUMENTATION_COMMENTS = YES;
				CLANG_WARN_EMPTY_BODY = YES;
				CLANG_WARN_ENUM_CONVERSION = YES;
				CLANG_WARN_INFINITE_RECURSION = YES;
				CLANG_WARN_INT_CONVERSION = YES;
				CLANG_WARN_NON_LITERAL_NULL_CONVERSION = YES;
				CLANG_WARN_OBJC_IMPLICIT_RETAIN_SELF = YES;
				CLANG_WARN_OBJC_LITERAL_CONVERSION = YES;
				CLANG_WARN_OBJC_ROOT_CLASS = YES_ERROR;
				CLANG_WARN_QUOTED_INCLUDE_IN_FRAMEWORK_HEADER = YES;
				CLANG_WARN_RANGE_LOOP_ANALYSIS = YES;
				CLANG_WARN_STRICT_PROTOTYPES = YES;
				CLANG_WARN_SUSPICIOUS_MOVE = YES;
				CLANG_WARN_UNGUARDED_AVAILABILITY = YES_AGGRESSIVE;
				CLANG_WARN_UNREACHABLE_CODE = YES;
				CLANG_WARN__DUPLICATE_METHOD_MATCH = YES;
				COPY_PHASE_STRIP = NO;
				DEBUG_INFORMATION_FORMAT = "dwarf-with-dsym";
				ENABLE_NS_ASSERTIONS = NO;
				ENABLE_STRICT_OBJC_MSGSEND = YES;
				GCC_C_LANGUAGE_STANDARD = gnu11;
				GCC_NO_COMMON_BLOCKS = YES;
				GCC_WARN_64_TO_32_BIT_CONVERSION = YES;
				GCC_WARN_ABOUT_RETURN_TYPE = YES_ERROR;
				GCC_WARN_UNDECLARED_SELECTOR = YES;
				GCC_WARN_UNINITIALIZED_AUTOS = YES_AGGRESSIVE;
				GCC_WARN_UNUSED_FUNCTION = YES;
				GCC_WARN_UNUSED_VARIABLE = YES;
				IPHONEOS_DEPLOYMENT_TARGET = 14.5;
				MTL_ENABLE_DEBUG_INFO = NO;
				MTL_FAST_MATH = YES;
				SDKROOT = iphoneos;
				SWIFT_COMPILATION_MODE = wholemodule;
				SWIFT_OPTIMIZATION_LEVEL = "-O";
				VALIDATE_PRODUCT = YES;
			};
			name = Release;
		};
		B720D0E5267878AB00981E71 /* Debug */ = {
			isa = XCBuildConfiguration;
			buildSettings = {
				ASSETCATALOG_COMPILER_APPICON_NAME = AppIcon;
				ASSETCATALOG_COMPILER_GLOBAL_ACCENT_COLOR_NAME = AccentColor;
				CODE_SIGN_STYLE = Automatic;
				DEVELOPMENT_TEAM = 3AA4M8PFN6;
				INFOPLIST_FILE = PodcastsApp/Info.plist;
				IPHONEOS_DEPLOYMENT_TARGET = 14.5;
				LD_RUNPATH_SEARCH_PATHS = (
					"$(inherited)",
					"@executable_path/Frameworks",
				);
				PRODUCT_BUNDLE_IDENTIFIER = godala.PodcastsApp;
				PRODUCT_NAME = "$(TARGET_NAME)";
				SWIFT_VERSION = 5.0;
				TARGETED_DEVICE_FAMILY = "1,2";
			};
			name = Debug;
		};
		B720D0E6267878AB00981E71 /* Release */ = {
			isa = XCBuildConfiguration;
			buildSettings = {
				ASSETCATALOG_COMPILER_APPICON_NAME = AppIcon;
				ASSETCATALOG_COMPILER_GLOBAL_ACCENT_COLOR_NAME = AccentColor;
				CODE_SIGN_STYLE = Automatic;
				DEVELOPMENT_TEAM = 3AA4M8PFN6;
				INFOPLIST_FILE = PodcastsApp/Info.plist;
				IPHONEOS_DEPLOYMENT_TARGET = 14.5;
				LD_RUNPATH_SEARCH_PATHS = (
					"$(inherited)",
					"@executable_path/Frameworks",
				);
				PRODUCT_BUNDLE_IDENTIFIER = godala.PodcastsApp;
				PRODUCT_NAME = "$(TARGET_NAME)";
				SWIFT_VERSION = 5.0;
				TARGETED_DEVICE_FAMILY = "1,2";
			};
			name = Release;
		};
/* End XCBuildConfiguration section */

/* Begin XCConfigurationList section */
		B720D0CB267878A900981E71 /* Build configuration list for PBXProject "PodcastsApp" */ = {
			isa = XCConfigurationList;
			buildConfigurations = (
				B720D0E2267878AB00981E71 /* Debug */,
				B720D0E3267878AB00981E71 /* Release */,
			);
			defaultConfigurationIsVisible = 0;
			defaultConfigurationName = Release;
		};
		B720D0E4267878AB00981E71 /* Build configuration list for PBXNativeTarget "PodcastsApp" */ = {
			isa = XCConfigurationList;
			buildConfigurations = (
				B720D0E5267878AB00981E71 /* Debug */,
				B720D0E6267878AB00981E71 /* Release */,
			);
			defaultConfigurationIsVisible = 0;
			defaultConfigurationName = Release;
		};
/* End XCConfigurationList section */

/* Begin XCRemoteSwiftPackageReference section */
		B720D0F42678A99400981E71 /* XCRemoteSwiftPackageReference "Kingfisher" */ = {
			isa = XCRemoteSwiftPackageReference;
			repositoryURL = "https://github.com/onevcat/Kingfisher";
			requirement = {
				kind = upToNextMajorVersion;
				minimumVersion = 6.3.0;
			};
		};
		B720D0F9267955B400981E71 /* XCRemoteSwiftPackageReference "FeedKit" */ = {
			isa = XCRemoteSwiftPackageReference;
			repositoryURL = "https://github.com/nmdias/FeedKit";
			requirement = {
				kind = upToNextMajorVersion;
				minimumVersion = 9.1.2;
			};
		};
/* End XCRemoteSwiftPackageReference section */

/* Begin XCSwiftPackageProductDependency section */
		B720D0F52678A99400981E71 /* Kingfisher */ = {
			isa = XCSwiftPackageProductDependency;
			package = B720D0F42678A99400981E71 /* XCRemoteSwiftPackageReference "Kingfisher" */;
			productName = Kingfisher;
		};
		B720D0FA267955B400981E71 /* FeedKit */ = {
			isa = XCSwiftPackageProductDependency;
			package = B720D0F9267955B400981E71 /* XCRemoteSwiftPackageReference "FeedKit" */;
			productName = FeedKit;
		};
/* End XCSwiftPackageProductDependency section */
	};
	rootObject = B720D0C8267878A900981E71 /* Project object */;
}
